
Microsoft Visual Studio Solution File, Format Version 12.00
# Visual Studio Version 17
VisualStudioVersion = 17.5.002.0
MinimumVisualStudioVersion = 10.0.40219.1
Project("{9A19103F-16F7-4668-BE54-9A1E7A4F7556}") = "ConsoleAppPokeAPI", "ConsoleAppPokeAPI.csproj", "{F6267072-51E4-40EB-BACA-2109F003836F}"
EndProject
Global
	GlobalSection(SolutionConfigurationPlatforms) = preSolution
		Debug|Any CPU = Debug|Any CPU
		Release|Any CPU = Release|Any CPU
	EndGlobalSection
	GlobalSection(ProjectConfigurationPlatforms) = postSolution
		{F6267072-51E4-40EB-BACA-2109F003836F}.Debug|Any CPU.ActiveCfg = Debug|Any CPU
		{F6267072-51E4-40EB-BACA-2109F003836F}.Debug|Any CPU.Build.0 = Debug|Any CPU
		{F6267072-51E4-40EB-BACA-2109F003836F}.Release|Any CPU.ActiveCfg = Release|Any CPU
		{F6267072-51E4-40EB-BACA-2109F003836F}.Release|Any CPU.Build.0 = Release|Any CPU
	EndGlobalSection
	GlobalSection(SolutionProperties) = preSolution
		HideSolutionNode = FALSE
	EndGlobalSection
	GlobalSection(ExtensibilityGlobals) = postSolution
		SolutionGuid = {7D08DF70-19F8-4D86-8A31-AFFF74D3E504}
	EndGlobalSection
EndGlobal
